Microsoft Visual Studio Solution File, Format Version 11.00
# Visual Studio 2010
Project("{FAE04EC0-301F-11D3-BF4B-00C04F79EFBC}") = "AliTrademanager", "AliTrademanager.csproj", "{F866839C-A171-4E30-830F-255F68081E67}"
EndProject
Global
	GlobalSection(SolutionConfigurationPlatforms) = preSolution
		Debug|Any CPU = Debug|Any CPU
		Debug|x86 = Debug|x86
		Release|Any CPU = Release|Any CPU
		Release|x86 = Release|x86
	EndGlobalSection
	GlobalSection(ProjectConfigurationPlatforms) = postSolution
		{F866839C-A171-4E30-830F-255F68081E67}.Debug|Any CPU.ActiveCfg = Release|Any CPU
		{F866839C-A171-4E30-830F-255F68081E67}.Debug|Any CPU.Build.0 = Release|Any CPU
		{F866839C-A171-4E30-830F-255F68081E67}.Debug|Any CPU.Deploy.0 = Release|Any CPU
		{F866839C-A171-4E30-830F-255F68081E67}.Debug|x86.ActiveCfg = Debug|x86
		{F866839C-A171-4E30-830F-255F68081E67}.Debug|x86.Build.0 = Debug|x86
		{F866839C-A171-4E30-830F-255F68081E67}.Release|Any CPU.ActiveCfg = Release|Any CPU
		{F866839C-A171-4E30-830F-255F68081E67}.Release|Any CPU.Build.0 = Release|Any CPU
		{F866839C-A171-4E30-830F-255F68081E67}.Release|x86.ActiveCfg = Release|x86
		{F866839C-A171-4E30-830F-255F68081E67}.Release|x86.Build.0 = Release|x86
	EndGlobalSection
	GlobalSection(SolutionProperties) = preSolution
		HideSolutionNode = FALSE
	EndGlobalSection
EndGlobal
